// !$*UTF8*$!
{
	archiveVersion = 1;
	classes = {
	};
	objectVersion = 55;
	objects = {

/* Begin PBXBuildFile section */
		CD79CABEEA40E23CBF603F9C /* Pods_YSTabBarExample.framework in Frameworks */ = {isa = PBXBuildFile; fileRef = 92ABC77BA1A55D1FD1D39133 /* Pods_YSTabBarExample.framework */; };
		CE49D985299B74B20032DB6E /* AppDelegate.swift in Sources */ = {isa = PBXBuildFile; fileRef = CE49D984299B74B20032DB6E /* AppDelegate.swift */; };
		CE49D987299B74B20032DB6E /* SceneDelegate.swift in Sources */ = {isa = PBXBuildFile; fileRef = CE49D986299B74B20032DB6E /* SceneDelegate.swift */; };
		CE49D989299B74B20032DB6E /* ViewController.swift in Sources */ = {isa = PBXBuildFile; fileRef = CE49D988299B74B20032DB6E /* ViewController.swift */; };
		CE49D98C299B74B20032DB6E /* Main.storyboard in Resources */ = {isa = PBXBuildFile; fileRef = CE49D98A299B74B20032DB6E /* Main.storyboard */; };
		CE49D98E299B74B30032DB6E /* Assets.xcassets in Resources */ = {isa = PBXBuildFile; fileRef = CE49D98D299B74B30032DB6E /* Assets.xcassets */; };
		CE49D991299B74B30032DB6E /* LaunchScreen.storyboard in Resources */ = {isa = PBXBuildFile; fileRef = CE49D98F299B74B30032DB6E /* LaunchScreen.storyboard */; };
		CE49D999299B78D50032DB6E /* FirstVC.swift in Sources */ = {isa = PBXBuildFile; fileRef = CE49D998299B78D50032DB6E /* FirstVC.swift */; };
		CE49D99B299B78E40032DB6E /* SecondVC.swift in Sources */ = {isa = PBXBuildFile; fileRef = CE49D99A299B78E40032DB6E /* SecondVC.swift */; };
/* End PBXBuildFile section */

/* Begin PBXFileReference section */
		92ABC77BA1A55D1FD1D39133 /* Pods_YSTabBarExample.framework */ = {isa = PBXFileReference; explicitFileType = wrapper.framework; includeInIndex = 0; path = Pods_YSTabBarExample.framework; sourceTree = BUILT_PRODUCTS_DIR; };
		C9411AE3521B9BC599E57867 /* Pods-YSTabBarExample.release.xcconfig */ = {isa = PBXFileReference; includeInIndex = 1; lastKnownFileType = text.xcconfig; name = "Pods-YSTabBarExample.release.xcconfig"; path = "Target Support Files/Pods-YSTabBarExample/Pods-YSTabBarExample.release.xcconfig"; sourceTree = "<group>"; };
		CE49D981299B74B20032DB6E /* YSTabBarExample.app */ = {isa = PBXFileReference; explicitFileType = wrapper.application; includeInIndex = 0; path = YSTabBarExample.app; sourceTree = BUILT_PRODUCTS_DIR; };
		CE49D984299B74B20032DB6E /* AppDelegate.swift */ = {isa = PBXFileReference; lastKnownFileType = sourcecode.swift; path = AppDelegate.swift; sourceTree = "<group>"; };
		CE49D986299B74B20032DB6E /* SceneDelegate.swift */ = {isa = PBXFileReference; lastKnownFileType = sourcecode.swift; path = SceneDelegate.swift; sourceTree = "<group>"; };
		CE49D988299B74B20032DB6E /* ViewController.swift */ = {isa = PBXFileReference; lastKnownFileType = sourcecode.swift; path = ViewController.swift; sourceTree = "<group>"; };
		CE49D98B299B74B20032DB6E /* Base */ = {isa = PBXFileReference; lastKnownFileType = file.storyboard; name = Base; path = Base.lproj/Main.storyboard; sourceTree = "<group>"; };
		CE49D98D299B74B30032DB6E /* Assets.xcassets */ = {isa = PBXFileReference; lastKnownFileType = folder.assetcatalog; path = Assets.xcassets; sourceTree = "<group>"; };
		CE49D990299B74B30032DB6E /* Base */ = {isa = PBXFileReference; lastKnownFileType = file.storyboard; name = Base; path = Base.lproj/LaunchScreen.storyboard; sourceTree = "<group>"; };
		CE49D992299B74B30032DB6E /* Info.plist */ = {isa = PBXFileReference; lastKnownFileType = text.plist.xml; path = Info.plist; sourceTree = "<group>"; };
		CE49D998299B78D50032DB6E /* FirstVC.swift */ = {isa = PBXFileReference; lastKnownFileType = sourcecode.swift; path = FirstVC.swift; sourceTree = "<group>"; };
		CE49D99A299B78E40032DB6E /* SecondVC.swift */ = {isa = PBXFileReference; lastKnownFileType = sourcecode.swift; path = SecondVC.swift; sourceTree = "<group>"; };
		D3A9198AA7FB5C69DB66D11D /* Pods-YSTabBarExample.debug.xcconfig */ = {isa = PBXFileReference; includeInIndex = 1; lastKnownFileType = text.xcconfig; name = "Pods-YSTabBarExample.debug.xcconfig"; path = "Target Support Files/Pods-YSTabBarExample/Pods-YSTabBarExample.debug.xcconfig"; sourceTree = "<group>"; };
/* End PBXFileReference section */

/* Begin PBXFrameworksBuildPhase section */
		CE49D97E299B74B20032DB6E /* Frameworks */ = {
			isa = PBXFrameworksBuildPhase;
			buildActionMask = 2147483647;
			files = (
				CD79CABEEA40E23CBF603F9C /* Pods_YSTabBarExample.framework in Frameworks */,
			);
			runOnlyForDeploymentPostprocessing = 0;
		};
/* End PBXFrameworksBuildPhase section */

/* Begin PBXGroup section */
		3CD6234BC8DFE5380A4F4277 /* Frameworks */ = {
			isa = PBXGroup;
			children = (
				92ABC77BA1A55D1FD1D39133 /* Pods_YSTabBarExample.framework */,
			);
			name = Frameworks;
			sourceTree = "<group>";
		};
		A5BD6DF699DC6287CA0135DF /* Pods */ = {
			isa = PBXGroup;
			children = (
				D3A9198AA7FB5C69DB66D11D /* Pods-YSTabBarExample.debug.xcconfig */,
				C9411AE3521B9BC599E57867 /* Pods-YSTabBarExample.release.xcconfig */,
			);
			path = Pods;
			sourceTree = "<group>";
		};
		CE49D978299B74B20032DB6E = {
			isa = PBXGroup;
			children = (
				CE49D983299B74B20032DB6E /* YSTabBarExample */,
				CE49D982299B74B20032DB6E /* Products */,
				A5BD6DF699DC6287CA0135DF /* Pods */,
				3CD6234BC8DFE5380A4F4277 /* Frameworks */,
			);
			sourceTree = "<group>";
		};
		CE49D982299B74B20032DB6E /* Products */ = {
			isa = PBXGroup;
			children = (
				CE49D981299B74B20032DB6E /* YSTabBarExample.app */,
			);
			name = Products;
			sourceTree = "<group>";
		};
		CE49D983299B74B20032DB6E /* YSTabBarExample */ = {
			isa = PBXGroup;
			children = (
				CE49D984299B74B20032DB6E /* AppDelegate.swift */,
				CE49D986299B74B20032DB6E /* SceneDelegate.swift */,
				CE49D988299B74B20032DB6E /* ViewController.swift */,
				CE49D998299B78D50032DB6E /* FirstVC.swift */,
				CE49D99A299B78E40032DB6E /* SecondVC.swift */,
				CE49D98A299B74B20032DB6E /* Main.storyboard */,
				CE49D98D299B74B30032DB6E /* Assets.xcassets */,
				CE49D98F299B74B30032DB6E /* LaunchScreen.storyboard */,
				CE49D992299B74B30032DB6E /* Info.plist */,
			);
			path = YSTabBarExample;
			sourceTree = "<group>";
		};
/* End PBXGroup section */

/* Begin PBXNativeTarget section */
		CE49D980299B74B20032DB6E /* YSTabBarExample */ = {
			isa = PBXNativeTarget;
			buildConfigurationList = CE49D995299B74B30032DB6E /* Build configuration list for PBXNativeTarget "YSTabBarExample" */;
			buildPhases = (
				3C94F24E958078AB34315F80 /* [CP] Check Pods Manifest.lock */,
				CE49D97D299B74B20032DB6E /* Sources */,
				CE49D97E299B74B20032DB6E /* Frameworks */,
				CE49D97F299B74B20032DB6E /* Resources */,
				FE8BE53096270B15262FFA03 /* [CP] Embed Pods Frameworks */,
			);
			buildRules = (
			);
			dependencies = (
			);
			name = YSTabBarExample;
			productName = YSTabBarExample;
			productReference = CE49D981299B74B20032DB6E /* YSTabBarExample.app */;
			productType = "com.apple.product-type.application";
		};
/* End PBXNativeTarget section */

/* Begin PBXProject section */
		CE49D979299B74B20032DB6E /* Project object */ = {
			isa = PBXProject;
			attributes = {
				BuildIndependentTargetsInParallel = 1;
				LastSwiftUpdateCheck = 1420;
				LastUpgradeCheck = 1420;
				TargetAttributes = {
					CE49D980299B74B20032DB6E = {
						CreatedOnToolsVersion = 14.2;
					};
				};
			};
			buildConfigurationList = CE49D97C299B74B20032DB6E /* Build configuration list for PBXProject "YSTabBarExample" */;
			compatibilityVersion = "Xcode 13.0";
			developmentRegion = en;
			hasScannedForEncodings = 0;
			knownRegions = (
				en,
				Base,
			);
			mainGroup = CE49D978299B74B20032DB6E;
			productRefGroup = CE49D982299B74B20032DB6E /* Products */;
			projectDirPath = "";
			projectRoot = "";
			targets = (
				CE49D980299B74B20032DB6E /* YSTabBarExample */,
			);
		};
/* End PBXProject section */

/* Begin PBXResourcesBuildPhase section */
		CE49D97F299B74B20032DB6E /* Resources */ = {
			isa = PBXResourcesBuildPhase;
			buildActionMask = 2147483647;
			files = (
				CE49D991299B74B30032DB6E /* LaunchScreen.storyboard in Resources */,
				CE49D98E299B74B30032DB6E /* Assets.xcassets in Resources */,
				CE49D98C299B74B20032DB6E /* Main.storyboard in Resources */,
			);
			runOnlyForDeploymentPostprocessing = 0;
		};
/* End PBXResourcesBuildPhase section */

/* Begin PBXShellScriptBuildPhase section */
		3C94F24E958078AB34315F80 /* [CP] Check Pods Manifest.lock */ = {
			isa = PBXShellScriptBuildPhase;
			buildActionMask = 2147483647;
			files = (
			);
			inputFileListPaths = (
			);
			inputPaths = (
				"${PODS_PODFILE_DIR_PATH}/Podfile.lock",
				"${PODS_ROOT}/Manifest.lock",
			);
			name = "[CP] Check Pods Manifest.lock";
			outputFileListPaths = (
			);
			outputPaths = (
				"$(DERIVED_FILE_DIR)/Pods-YSTabBarExample-checkManifestLockResult.txt",
			);
			runOnlyForDeploymentPostprocessing = 0;
			shellPath = /bin/sh;
			shellScript = "diff \"${PODS_PODFILE_DIR_PATH}/Podfile.lock\" \"${PODS_ROOT}/Manifest.lock\" > /dev/null\nif [ $? != 0 ] ; then\n    # print error to STDERR\n    echo \"error: The sandbox is not in sync with the Podfile.lock. Run 'pod install' or update your CocoaPods installation.\" >&2\n    exit 1\nfi\n# This output is used by Xcode 'outputs' to avoid re-running this script phase.\necho \"SUCCESS\" > \"${SCRIPT_OUTPUT_FILE_0}\"\n";
			showEnvVarsInLog = 0;
		};
		FE8BE53096270B15262FFA03 /* [CP] Embed Pods Frameworks */ = {
			isa = PBXShellScriptBuildPhase;
			buildActionMask = 2147483647;
			files = (
			);
			inputFileListPaths = (
				"${PODS_ROOT}/Target Support Files/Pods-YSTabBarExample/Pods-YSTabBarExample-frameworks-${CONFIGURATION}-input-files.xcfilelist",
			);
			name = "[CP] Embed Pods Frameworks";
			outputFileListPaths = (
				"${PODS_ROOT}/Target Support Files/Pods-YSTabBarExample/Pods-YSTabBarExample-frameworks-${CONFIGURATION}-output-files.xcfilelist",
			);
			runOnlyForDeploymentPostprocessing = 0;
			shellPath = /bin/sh;
			shellScript = "\"${PODS_ROOT}/Target Support Files/Pods-YSTabBarExample/Pods-YSTabBarExample-frameworks.sh\"\n";
			showEnvVarsInLog = 0;
		};
/* End PBXShellScriptBuildPhase section */

/* Begin PBXSourcesBuildPhase section */
		CE49D97D299B74B20032DB6E /* Sources */ = {
			isa = PBXSourcesBuildPhase;
			buildActionMask = 2147483647;
			files = (
				CE49D989299B74B20032DB6E /* ViewController.swift in Sources */,
				CE49D99B299B78E40032DB6E /* SecondVC.swift in Sources */,
				CE49D999299B78D50032DB6E /* FirstVC.swift in Sources */,
				CE49D985299B74B20032DB6E /* AppDelegate.swift in Sources */,
				CE49D987299B74B20032DB6E /* SceneDelegate.swift in Sources */,
			);
			runOnlyForDeploymentPostprocessing = 0;
		};
/* End PBXSourcesBuildPhase section */

/* Begin PBXVariantGroup section */
		CE49D98A299B74B20032DB6E /* Main.storyboard */ = {
			isa = PBXVariantGroup;
			children = (
				CE49D98B299B74B20032DB6E /* Base */,
			);
			name = Main.storyboard;
			sourceTree = "<group>";
		};
		CE49D98F299B74B30032DB6E /* LaunchScreen.storyboard */ = {
			isa = PBXVariantGroup;
			children = (
				CE49D990299B74B30032DB6E /* Base */,
			);
			name = LaunchScreen.storyboard;
			sourceTree = "<group>";
		};
/* End PBXVariantGroup section */

/* Begin XCBuildConfiguration section */
		CE49D993299B74B30032DB6E /* Debug */ = {
			isa = XCBuildConfiguration;
			buildSettings = {
				ALWAYS_SEARCH_USER_PATHS = NO;
				CLANG_ANALYZER_NONNULL = YES;
				CLANG_ANALYZER_NUMBER_OBJECT_CONVERSION = YES_AGGRESSIVE;
				CLANG_CXX_LANGUAGE_STANDARD = "gnu++20";
				CLANG_ENABLE_MODULES = YES;
				CLANG_ENABLE_OBJC_ARC = YES;
				CLANG_ENABLE_OBJC_WEAK = YES;
				CLANG_WARN_BLOCK_CAPTURE_AUTORELEASING = YES;
				CLANG_WARN_BOOL_CONVERSION = YES;
				CLANG_WARN_COMMA = YES;
				CLANG_WARN_CONSTANT_CONVERSION = YES;
				CLANG_WARN_DEPRECATED_OBJC_IMPLEMENTATIONS = YES;
				CLANG_WARN_DIRECT_OBJC_ISA_USAGE = YES_ERROR;
				CLANG_WARN_DOCUMENTATION_COMMENTS = YES;
				CLANG_WARN_EMPTY_BODY = YES;
				CLANG_WARN_ENUM_CONVERSION = YES;
				CLANG_WARN_INFINITE_RECURSION = YES;
				CLANG_WARN_INT_CONVERSION = YES;
				CLANG_WARN_NON_LITERAL_NULL_CONVERSION = YES;
				CLANG_WARN_OBJC_IMPLICIT_RETAIN_SELF = YES;
				CLANG_WARN_OBJC_LITERAL_CONVERSION = YES;
				CLANG_WARN_OBJC_ROOT_CLASS = YES_ERROR;
				CLANG_WARN_QUOTED_INCLUDE_IN_FRAMEWORK_HEADER = YES;
				CLANG_WARN_RANGE_LOOP_ANALYSIS = YES;
				CLANG_WARN_STRICT_PROTOTYPES = YES;
				CLANG_WARN_SUSPICIOUS_MOVE = YES;
				CLANG_WARN_UNGUARDED_AVAILABILITY = YES_AGGRESSIVE;
				CLANG_WARN_UNREACHABLE_CODE = YES;
				CLANG_WARN__DUPLICATE_METHOD_MATCH = YES;
				COPY_PHASE_STRIP = NO;
				DEBUG_INFORMATION_FORMAT = dwarf;
				ENABLE_STRICT_OBJC_MSGSEND = YES;
				ENABLE_TESTABILITY = YES;
				GCC_C_LANGUAGE_STANDARD = gnu11;
				GCC_DYNAMIC_NO_PIC = NO;
				GCC_NO_COMMON_BLOCKS = YES;
				GCC_OPTIMIZATION_LEVEL = 0;
				GCC_PREPROCESSOR_DEFINITIONS = (
					"DEBUG=1",
					"$(inherited)",
				);
				GCC_WARN_64_TO_32_BIT_CONVERSION = YES;
				GCC_WARN_ABOUT_RETURN_TYPE = YES_ERROR;
				GCC_WARN_UNDECLARED_SELECTOR = YES;
				GCC_WARN_UNINITIALIZED_AUTOS = YES_AGGRESSIVE;
				GCC_WARN_UNUSED_FUNCTION = YES;
				GCC_WARN_UNUSED_VARIABLE = YES;
				IPHONEOS_DEPLOYMENT_TARGET = 16.2;
				MTL_ENABLE_DEBUG_INFO = INCLUDE_SOURCE;
				MTL_FAST_MATH = YES;
				ONLY_ACTIVE_ARCH = YES;
				SDKROOT = iphoneos;
				SWIFT_ACTIVE_COMPILATION_CONDITIONS = DEBUG;
				SWIFT_OPTIMIZATION_LEVEL = "-Onone";
			};
			name = Debug;
		};
		CE49D994299B74B30032DB6E /* Release */ = {
			isa = XCBuildConfiguration;
			buildSettings = {
				ALWAYS_SEARCH_USER_PATHS = NO;
				CLANG_ANALYZER_NONNULL = YES;
				CLANG_ANALYZER_NUMBER_OBJECT_CONVERSION = YES_AGGRESSIVE;
				CLANG_CXX_LANGUAGE_STANDARD = "gnu++20";
				CLANG_ENABLE_MODULES = YES;
				CLANG_ENABLE_OBJC_ARC = YES;
				CLANG_ENABLE_OBJC_WEAK = YES;
				CLANG_WARN_BLOCK_CAPTURE_AUTORELEASING = YES;
				CLANG_WARN_BOOL_CONVERSION = YES;
				CLANG_WARN_COMMA = YES;
				CLANG_WARN_CONSTANT_CONVERSION = YES;
				CLANG_WARN_DEPRECATED_OBJC_IMPLEMENTATIONS = YES;
				CLANG_WARN_DIRECT_OBJC_ISA_USAGE = YES_ERROR;
				CLANG_WARN_DOCUMENTATION_COMMENTS = YES;
				CLANG_WARN_EMPTY_BODY = YES;
				CLANG_WARN_ENUM_CONVERSION = YES;
				CLANG_WARN_INFINITE_RECURSION = YES;
				CLANG_WARN_INT_CONVERSION = YES;
				CLANG_WARN_NON_LITERAL_NULL_CONVERSION = YES;
				CLANG_WARN_OBJC_IMPLICIT_RETAIN_SELF = YES;
				CLANG_WARN_OBJC_LITERAL_CONVERSION = YES;
				CLANG_WARN_OBJC_ROOT_CLASS = YES_ERROR;
				CLANG_WARN_QUOTED_INCLUDE_IN_FRAMEWORK_HEADER = YES;
				CLANG_WARN_RANGE_LOOP_ANALYSIS = YES;
				CLANG_WARN_STRICT_PROTOTYPES = YES;
				CLANG_WARN_SUSPICIOUS_MOVE = YES;
				CLANG_WARN_UNGUARDED_AVAILABILITY = YES_AGGRESSIVE;
				CLANG_WARN_UNREACHABLE_CODE = YES;
				CLANG_WARN__DUPLICATE_METHOD_MATCH = YES;
				COPY_PHASE_STRIP = NO;
				DEBUG_INFORMATION_FORMAT = "dwarf-with-dsym";
				ENABLE_NS_ASSERTIONS = NO;
				ENABLE_STRICT_OBJC_MSGSEND = YES;
				GCC_C_LANGUAGE_STANDARD = gnu11;
				GCC_NO_COMMON_BLOCKS = YES;
				GCC_WARN_64_TO_32_BIT_CONVERSION = YES;
				GCC_WARN_ABOUT_RETURN_TYPE = YES_ERROR;
				GCC_WARN_UNDECLARED_SELECTOR = YES;
				GCC_WARN_UNINITIALIZED_AUTOS = YES_AGGRESSIVE;
				GCC_WARN_UNUSED_FUNCTION = YES;
				GCC_WARN_UNUSED_VARIABLE = YES;
				IPHONEOS_DEPLOYMENT_TARGET = 16.2;
				MTL_ENABLE_DEBUG_INFO = NO;
				MTL_FAST_MATH = YES;
				SDKROOT = iphoneos;
				SWIFT_COMPILATION_MODE = wholemodule;
				SWIFT_OPTIMIZATION_LEVEL = "-O";
				VALIDATE_PRODUCT = YES;
			};
			name = Release;
		};
		CE49D996299B74B30032DB6E /* Debug */ = {
			isa = XCBuildConfiguration;
			baseConfigurationReference = D3A9198AA7FB5C69DB66D11D /* Pods-YSTabBarExample.debug.xcconfig */;
			buildSettings = {
				ASSETCATALOG_COMPILER_APPICON_NAME = AppIcon;
				ASSETCATALOG_COMPILER_GLOBAL_ACCENT_COLOR_NAME = AccentColor;
				CODE_SIGN_STYLE = Automatic;
				CURRENT_PROJECT_VERSION = 1;
				GENERATE_INFOPLIST_FILE = YES;
				INFOPLIST_FILE = YSTabBarExample/Info.plist;
				INFOPLIST_KEY_UIApplicationSupportsIndirectInputEvents = YES;
				INFOPLIST_KEY_UILaunchStoryboardName = LaunchScreen;
				INFOPLIST_KEY_UIMainStoryboardFile = Main;
				INFOPLIST_KEY_UISupportedInterfaceOrientations_iPad = "UIInterfaceOrientationPortrait UIInterfaceOrientationPortraitUpsideDown UIInterfaceOrientationLandscapeLeft UIInterfaceOrientationLandscapeRight";
				INFOPLIST_KEY_UISupportedInterfaceOrientations_iPhone = "UIInterfaceOrientationPortrait UIInterfaceOrientationLandscapeLeft UIInterfaceOrientationLandscapeRight";
				LD_RUNPATH_SEARCH_PATHS = (
					"$(inherited)",
					"@executable_path/Frameworks",
				);
				MARKETING_VERSION = 1.0;
				PRODUCT_BUNDLE_IDENTIFIER = com.yerem.YSTabBarExample;
				PRODUCT_NAME = "$(TARGET_NAME)";
				SWIFT_EMIT_LOC_STRINGS = YES;
				SWIFT_VERSION = 5.0;
				TARGETED_DEVICE_FAMILY = "1,2";
			};
			name = Debug;
		};
		CE49D997299B74B30032DB6E /* Release */ = {
			isa = XCBuildConfiguration;
			baseConfigurationReference = C9411AE3521B9BC599E57867 /* Pods-YSTabBarExample.release.xcconfig */;
			buildSettings = {
				ASSETCATALOG_COMPILER_APPICON_NAME = AppIcon;
				ASSETCATALOG_COMPILER_GLOBAL_ACCENT_COLOR_NAME = AccentColor;
				CODE_SIGN_STYLE = Automatic;
				CURRENT_PROJECT_VERSION = 1;
				GENERATE_INFOPLIST_FILE = YES;
				INFOPLIST_FILE = YSTabBarExample/Info.plist;
				INFOPLIST_KEY_UIApplicationSupportsIndirectInputEvents = YES;
				INFOPLIST_KEY_UILaunchStoryboardName = LaunchScreen;
				INFOPLIST_KEY_UIMainStoryboardFile = Main;
				INFOPLIST_KEY_UISupportedInterfaceOrientations_iPad = "UIInterfaceOrientationPortrait UIInterfaceOrientationPortraitUpsideDown UIInterfaceOrientationLandscapeLeft UIInterfaceOrientationLandscapeRight";
				INFOPLIST_KEY_UISupportedInterfaceOrientations_iPhone = "UIInterfaceOrientationPortrait UIInterfaceOrientationLandscapeLeft UIInterfaceOrientationLandscapeRight";
				LD_RUNPATH_SEARCH_PATHS = (
					"$(inherited)",
					"@executable_path/Frameworks",
				);
				MARKETING_VERSION = 1.0;
				PRODUCT_BUNDLE_IDENTIFIER = com.yerem.YSTabBarExample;
				PRODUCT_NAME = "$(TARGET_NAME)";
				SWIFT_EMIT_LOC_STRINGS = YES;
				SWIFT_VERSION = 5.0;
				TARGETED_DEVICE_FAMILY = "1,2";
			};
			name = Release;
		};
/* End XCBuildConfiguration section */

/* Begin XCConfigurationList section */
		CE49D97C299B74B20032DB6E /* Build configuration list for PBXProject "YSTabBarExample" */ = {
			isa = XCConfigurationList;
			buildConfigurations = (
				CE49D993299B74B30032DB6E /* Debug */,
				CE49D994299B74B30032DB6E /* Release */,
			);
			defaultConfigurationIsVisible = 0;
			defaultConfigurationName = Release;
		};
		CE49D995299B74B30032DB6E /* Build configuration list for PBXNativeTarget "YSTabBarExample" */ = {
			isa = XCConfigurationList;
			buildConfigurations = (
				CE49D996299B74B30032DB6E /* Debug */,
				CE49D997299B74B30032DB6E /* Release */,
			);
			defaultConfigurationIsVisible = 0;
			defaultConfigurationName = Release;
		};
/* End XCConfigurationList section */
	};
	rootObject = CE49D979299B74B20032DB6E /* Project object */;
}
